{
  "nodes": {
    "flake-compat": {
      "locked": {
        "lastModified": 1696426674,
        "narHash": "sha256-kvjfFW7WAETZlt09AgDn1MrtKzP7t90Vf7vypd3OL1U=",
        "owner": "edolstra",
        "repo": "flake-compat",
        "rev": "0f9255e01c2351cc7d116c072cb317785dd33b33",
        "type": "github"
      },
      "original": {
        "owner": "edolstra",
        "repo": "flake-compat",
        "type": "github"
      }
    },
    "flake-utils": {
      "inputs": {
        "systems": "systems"
      },
      "locked": {
        "lastModified": 1705309234,
        "narHash": "sha256-uNRRNRKmJyCRC/8y1RqBkqWBLM034y4qN7EprSdmgyA=",
        "owner": "numtide",
        "repo": "flake-utils",
        "rev": "1ef2e671c3b0c19053962c07dbda38332dcebf26",
        "type": "github"
      },
      "original": {
        "owner": "numtide",
        "repo": "flake-utils",
        "type": "github"
      }
    },
    "flake-utils_2": {
      "locked": {
        "lastModified": 1667395993,
        "narHash": "sha256-nuEHfE/LcWyuSWnS8t12N1wc105Qtau+/OdUAjtQ0rA=",
        "owner": "numtide",
        "repo": "flake-utils",
        "rev": "5aed5285a952e0b949eb3ba02c12fa4fcfef535f",
        "type": "github"
      },
      "original": {
        "owner": "numtide",
        "repo": "flake-utils",
        "type": "github"
      }
    },
    "mixrank": {
      "inputs": {
        "flake-compat": "flake-compat",
        "nixpkgs_latest": "nixpkgs_latest",
        "nixpkgs_old": "nixpkgs_old"
      },
      "locked": {
        "lastModified": 1726754315,
        "narHash": "sha256-6cx0t7Dmh4+8NqqqkSfFsizm2hCf36jvbuXTG+/UDpk=",
        "ref": "refs/heads/master",
        "rev": "5923b56c2da4a97e871842af10296c7f8379da68",
        "revCount": 65736,
        "type": "git",
        "url": "ssh://git@gitlab.com/mixrank/mixrank"
      },
      "original": {
        "type": "git",
        "url": "ssh://git@gitlab.com/mixrank/mixrank"
      }
    },
    "neovim": {
      "inputs": {
        "flake-utils": "flake-utils",
        "neovim": "neovim_2",
        "nixpkgs": "nixpkgs"
      },
      "locked": {
        "lastModified": 1707697282,
        "narHash": "sha256-M5TKX8Vlr5J3RT48cMkyEohs754bms7aijo/37qdc6I=",
        "owner": "rigille",
        "repo": "neovim",
        "rev": "0dd7fd2e50d29e552bdc0e1c589be392090a6b7c",
        "type": "github"
      },
      "original": {
        "owner": "rigille",
        "repo": "neovim",
        "type": "github"
      }
    },
    "neovim_2": {
      "inputs": {
        "flake-utils": "flake-utils_2",
        "nixpkgs": [
          "neovim",
          "nixpkgs"
        ]
      },
      "locked": {
        "dir": "contrib",
        "lastModified": 1703942320,
        "narHash": "sha256-CcaBqA0yFCffNPmXOJTo8c9v1jrEBiqAl8CG5Dj5YxE=",
        "owner": "neovim",
        "repo": "neovim",
        "rev": "8744ee8783a8597f9fce4a573ae05aca2f412120",
        "type": "github"
      },
      "original": {
        "dir": "contrib",
        "owner": "neovim",
        "ref": "stable",
        "repo": "neovim",
        "type": "github"
      }
    },
    "nixpkgs": {
      "locked": {
        "lastModified": 1685566663,
        "narHash": "sha256-btHN1czJ6rzteeCuE/PNrdssqYD2nIA4w48miQAFloM=",
        "owner": "NixOS",
        "repo": "nixpkgs",
        "rev": "4ecab3273592f27479a583fb6d975d4aba3486fe",
        "type": "github"
      },
      "original": {
        "owner": "NixOS",
        "ref": "23.05",
        "repo": "nixpkgs",
        "type": "github"
      }
    },
    "nixpkgs_2": {
      "locked": {
        "lastModified": 1726447378,
        "narHash": "sha256-2yV8nmYE1p9lfmLHhOCbYwQC/W8WYfGQABoGzJOb1JQ=",
        "owner": "NixOS",
        "repo": "nixpkgs",
        "rev": "086b448a5d54fd117f4dc2dee55c9f0ff461bdc1",
        "type": "github"
      },
      "original": {
        "owner": "NixOS",
        "ref": "nixos-24.05",
        "repo": "nixpkgs",
        "type": "github"
      }
    },
    "nixpkgs_latest": {
      "locked": {
        "lastModified": 1720492477,
        "narHash": "sha256-PV6LKJpj43tuKAMEfmXiKZjlOW1IqZORUJ8WYcdLtGE=",
        "owner": "NixOS",
        "repo": "nixpkgs",
        "rev": "64f145f456b7a3953f191cad9e257cd88412044e",
        "type": "github"
      },
      "original": {
        "owner": "NixOS",
        "repo": "nixpkgs",
        "rev": "64f145f456b7a3953f191cad9e257cd88412044e",
        "type": "github"
      }
    },
    "nixpkgs_old": {
      "flake": false,
      "locked": {
        "lastModified": 1568853802,
        "narHash": "sha256-eFyFVDVExwB1aGHVmemgh57EAcTs5rekWhlPnxAowu8=",
        "owner": "NixOS",
        "repo": "nixpkgs",
        "rev": "2c906666e54c9f050b4a25142b4ff0e73c9b7dcc",
        "type": "github"
      },
      "original": {
        "owner": "NixOS",
        "repo": "nixpkgs",
        "rev": "2c906666e54c9f050b4a25142b4ff0e73c9b7dcc",
        "type": "github"
      }
    },
    "root": {
      "inputs": {
        "mixrank": "mixrank",
        "neovim": "neovim",
        "nixpkgs": "nixpkgs_2"
      }
    },
    "systems": {
      "locked": {
        "lastModified": 1681028828,
        "narHash": "sha256-Vy1rq5AaRuLzOxct8nz4T6wlgyUR7zLU309k9mBC768=",
        "owner": "nix-systems",
        "repo": "default",
        "rev": "da67096a3b9bf56a91d16901293e51ba5b49a27e",
        "type": "github"
      },
      "original": {
        "owner": "nix-systems",
        "repo": "default",
        "type": "github"
      }
    }
  },
  "root": "root",
  "version": 7
}
